
Microsoft Visual Studio Solution File, Format Version 12.00
# Visual Studio Version 17
VisualStudioVersion = 17.2.32630.192
MinimumVisualStudioVersion = 10.0.40219.1
Project("{FAE04EC0-301F-11D3-BF4B-00C04F79EFBC}") = "csharp-lezione11-property", "csharp-lezione11-property.csproj", "{DD62E09A-FB34-4958-B46D-43F5287BB04F}"
EndProject
Global
	GlobalSection(SolutionConfigurationPlatforms) = preSolution
		Debug|Any CPU = Debug|Any CPU
		Release|Any CPU = Release|Any CPU
	EndGlobalSection
	GlobalSection(ProjectConfigurationPlatforms) = postSolution
		{DD62E09A-FB34-4958-B46D-43F5287BB04F}.Debug|Any CPU.ActiveCfg = Debug|Any CPU
		{DD62E09A-FB34-4958-B46D-43F5287BB04F}.Debug|Any CPU.Build.0 = Debug|Any CPU
		{DD62E09A-FB34-4958-B46D-43F5287BB04F}.Release|Any CPU.ActiveCfg = Release|Any CPU
		{DD62E09A-FB34-4958-B46D-43F5287BB04F}.Release|Any CPU.Build.0 = Release|Any CPU
	EndGlobalSection
	GlobalSection(SolutionProperties) = preSolution
		HideSolutionNode = FALSE
	EndGlobalSection
	GlobalSection(ExtensibilityGlobals) = postSolution
		SolutionGuid = {EE0CACCF-582B-4202-97B2-455080106A4A}
	EndGlobalSection
EndGlobal
